
Microsoft Visual Studio Solution File, Format Version 12.00
# Visual Studio Version 16
VisualStudioVersion = 16.0.30717.126
MinimumVisualStudioVersion = 10.0.40219.1
Project("{9A19103F-16F7-4668-BE54-9A1E7A4F7556}") = "DataAccess", "DataAccess\DataAccess.csproj", "{45CFDA4D-A200-459B-959D-E68FEA870A7D}"
EndProject
Project("{9A19103F-16F7-4668-BE54-9A1E7A4F7556}") = "Business", "Business\Business.csproj", "{E69888A6-8E17-49FE-BEB2-267325A554D5}"
EndProject
Project("{9A19103F-16F7-4668-BE54-9A1E7A4F7556}") = "Entities", "Entities\Entities.csproj", "{203E957E-777D-4EDD-A0A3-21990072923C}"
EndProject
Project("{9A19103F-16F7-4668-BE54-9A1E7A4F7556}") = "ConsoleUI", "ConsoleUI\ConsoleUI.csproj", "{5409CB36-3CA5-493F-8370-FEA1DBB4C00F}"
EndProject
Project("{9A19103F-16F7-4668-BE54-9A1E7A4F7556}") = "Core", "Core\Core.csproj", "{57CECA5D-5E11-4B81-A520-097CB9E7DC0A}"
EndProject
Project("{9A19103F-16F7-4668-BE54-9A1E7A4F7556}") = "WebAPI", "WebAPI\WebAPI.csproj", "{AE05332B-AD6E-4CB0-AEBA-4178B0BE690B}"
EndProject
Global
	GlobalSection(SolutionConfigurationPlatforms) = preSolution
		Debug|Any CPU = Debug|Any CPU
		Release|Any CPU = Release|Any CPU
	EndGlobalSection
	GlobalSection(ProjectConfigurationPlatforms) = postSolution
		{45CFDA4D-A200-459B-959D-E68FEA870A7D}.Debug|Any CPU.ActiveCfg = Debug|Any CPU
		{45CFDA4D-A200-459B-959D-E68FEA870A7D}.Debug|Any CPU.Build.0 = Debug|Any CPU
		{45CFDA4D-A200-459B-959D-E68FEA870A7D}.Release|Any CPU.ActiveCfg = Release|Any CPU
		{45CFDA4D-A200-459B-959D-E68FEA870A7D}.Release|Any CPU.Build.0 = Release|Any CPU
		{E69888A6-8E17-49FE-BEB2-267325A554D5}.Debug|Any CPU.ActiveCfg = Debug|Any CPU
		{E69888A6-8E17-49FE-BEB2-267325A554D5}.Debug|Any CPU.Build.0 = Debug|Any CPU
		{E69888A6-8E17-49FE-BEB2-267325A554D5}.Release|Any CPU.ActiveCfg = Release|Any CPU
		{E69888A6-8E17-49FE-BEB2-267325A554D5}.Release|Any CPU.Build.0 = Release|Any CPU
		{203E957E-777D-4EDD-A0A3-21990072923C}.Debug|Any CPU.ActiveCfg = Debug|Any CPU
		{203E957E-777D-4EDD-A0A3-21990072923C}.Debug|Any CPU.Build.0 = Debug|Any CPU
		{203E957E-777D-4EDD-A0A3-21990072923C}.Release|Any CPU.ActiveCfg = Release|Any CPU
		{203E957E-777D-4EDD-A0A3-21990072923C}.Release|Any CPU.Build.0 = Release|Any CPU
		{5409CB36-3CA5-493F-8370-FEA1DBB4C00F}.Debug|Any CPU.ActiveCfg = Debug|Any CPU
		{5409CB36-3CA5-493F-8370-FEA1DBB4C00F}.Debug|Any CPU.Build.0 = Debug|Any CPU
		{5409CB36-3CA5-493F-8370-FEA1DBB4C00F}.Release|Any CPU.ActiveCfg = Release|Any CPU
		{5409CB36-3CA5-493F-8370-FEA1DBB4C00F}.Release|Any CPU.Build.0 = Release|Any CPU
		{57CECA5D-5E11-4B81-A520-097CB9E7DC0A}.Debug|Any CPU.ActiveCfg = Debug|Any CPU
		{57CECA5D-5E11-4B81-A520-097CB9E7DC0A}.Debug|Any CPU.Build.0 = Debug|Any CPU
		{57CECA5D-5E11-4B81-A520-097CB9E7DC0A}.Release|Any CPU.ActiveCfg = Release|Any CPU
		{57CECA5D-5E11-4B81-A520-097CB9E7DC0A}.Release|Any CPU.Build.0 = Release|Any CPU
		{AE05332B-AD6E-4CB0-AEBA-4178B0BE690B}.Debug|Any CPU.ActiveCfg = Debug|Any CPU
		{AE05332B-AD6E-4CB0-AEBA-4178B0BE690B}.Debug|Any CPU.Build.0 = Debug|Any CPU
		{AE05332B-AD6E-4CB0-AEBA-4178B0BE690B}.Release|Any CPU.ActiveCfg = Release|Any CPU
		{AE05332B-AD6E-4CB0-AEBA-4178B0BE690B}.Release|Any CPU.Build.0 = Release|Any CPU
	EndGlobalSection
	GlobalSection(SolutionProperties) = preSolution
		HideSolutionNode = FALSE
	EndGlobalSection
	GlobalSection(ExtensibilityGlobals) = postSolution
		SolutionGuid = {40173A08-7181-43A3-985D-4C36AE3AE8F9}
	EndGlobalSection
EndGlobal
